
Microsoft Visual Studio Solution File, Format Version 12.00
# Visual Studio Version 17
VisualStudioVersion = 17.0.31912.275
MinimumVisualStudioVersion = 10.0.40219.1
Project("{9A19103F-16F7-4668-BE54-9A1E7A4F7556}") = "ProductService", "Service.InventoryManagement\ProductService.csproj", "{146AA7F0-219D-410B-85FD-49B77773E33C}"
EndProject
Project("{9A19103F-16F7-4668-BE54-9A1E7A4F7556}") = "CategoryService", "Category.Service.InventoryManagement\CategoryService.csproj", "{25B04CE3-8D08-4D7C-842F-EDD89433A9B8}"
EndProject
Project("{9A19103F-16F7-4668-BE54-9A1E7A4F7556}") = "SizesService", "Sizes.Service.InventoryManagement\SizesService.csproj", "{0C88D874-EE8A-47CC-9454-FEA3352C01CE}"
EndProject
Project("{9A19103F-16F7-4668-BE54-9A1E7A4F7556}") = "TestCategoryService", "TestCategoryService\TestCategoryService.csproj", "{A8CC108A-B1A4-4E97-927F-291E0ED10B59}"
EndProject
Project("{9A19103F-16F7-4668-BE54-9A1E7A4F7556}") = "UserProfileService", "UserProfileService\UserProfileService.csproj", "{CACA4DFD-A288-47C3-8F80-3D109E87F3E0}"
EndProject
Project("{9A19103F-16F7-4668-BE54-9A1E7A4F7556}") = "TestUserProfileService", "TestUserProfileService\TestUserProfileService.csproj", "{26F209CB-A915-4083-8541-E076D1AADCF5}"
EndProject
Project("{FAE04EC0-301F-11D3-BF4B-00C04F79EFBC}") = "IMServices", "IMServices\IMServices.csproj", "{0091B579-CA16-44F2-87DB-A747C2412A5D}"
EndProject
Global
	GlobalSection(SolutionConfigurationPlatforms) = preSolution
		Debug|Any CPU = Debug|Any CPU
		Release|Any CPU = Release|Any CPU
	EndGlobalSection
	GlobalSection(ProjectConfigurationPlatforms) = postSolution
		{146AA7F0-219D-410B-85FD-49B77773E33C}.Debug|Any CPU.ActiveCfg = Debug|Any CPU
		{146AA7F0-219D-410B-85FD-49B77773E33C}.Debug|Any CPU.Build.0 = Debug|Any CPU
		{146AA7F0-219D-410B-85FD-49B77773E33C}.Release|Any CPU.ActiveCfg = Release|Any CPU
		{146AA7F0-219D-410B-85FD-49B77773E33C}.Release|Any CPU.Build.0 = Release|Any CPU
		{25B04CE3-8D08-4D7C-842F-EDD89433A9B8}.Debug|Any CPU.ActiveCfg = Debug|Any CPU
		{25B04CE3-8D08-4D7C-842F-EDD89433A9B8}.Debug|Any CPU.Build.0 = Debug|Any CPU
		{25B04CE3-8D08-4D7C-842F-EDD89433A9B8}.Release|Any CPU.ActiveCfg = Release|Any CPU
		{25B04CE3-8D08-4D7C-842F-EDD89433A9B8}.Release|Any CPU.Build.0 = Release|Any CPU
		{0C88D874-EE8A-47CC-9454-FEA3352C01CE}.Debug|Any CPU.ActiveCfg = Debug|Any CPU
		{0C88D874-EE8A-47CC-9454-FEA3352C01CE}.Debug|Any CPU.Build.0 = Debug|Any CPU
		{0C88D874-EE8A-47CC-9454-FEA3352C01CE}.Release|Any CPU.ActiveCfg = Release|Any CPU
		{0C88D874-EE8A-47CC-9454-FEA3352C01CE}.Release|Any CPU.Build.0 = Release|Any CPU
		{A8CC108A-B1A4-4E97-927F-291E0ED10B59}.Debug|Any CPU.ActiveCfg = Debug|Any CPU
		{A8CC108A-B1A4-4E97-927F-291E0ED10B59}.Debug|Any CPU.Build.0 = Debug|Any CPU
		{A8CC108A-B1A4-4E97-927F-291E0ED10B59}.Release|Any CPU.ActiveCfg = Release|Any CPU
		{A8CC108A-B1A4-4E97-927F-291E0ED10B59}.Release|Any CPU.Build.0 = Release|Any CPU
		{CACA4DFD-A288-47C3-8F80-3D109E87F3E0}.Debug|Any CPU.ActiveCfg = Debug|Any CPU
		{CACA4DFD-A288-47C3-8F80-3D109E87F3E0}.Debug|Any CPU.Build.0 = Debug|Any CPU
		{CACA4DFD-A288-47C3-8F80-3D109E87F3E0}.Release|Any CPU.ActiveCfg = Release|Any CPU
		{CACA4DFD-A288-47C3-8F80-3D109E87F3E0}.Release|Any CPU.Build.0 = Release|Any CPU
		{26F209CB-A915-4083-8541-E076D1AADCF5}.Debug|Any CPU.ActiveCfg = Debug|Any CPU
		{26F209CB-A915-4083-8541-E076D1AADCF5}.Debug|Any CPU.Build.0 = Debug|Any CPU
		{26F209CB-A915-4083-8541-E076D1AADCF5}.Release|Any CPU.ActiveCfg = Release|Any CPU
		{26F209CB-A915-4083-8541-E076D1AADCF5}.Release|Any CPU.Build.0 = Release|Any CPU
		{0091B579-CA16-44F2-87DB-A747C2412A5D}.Debug|Any CPU.ActiveCfg = Debug|Any CPU
		{0091B579-CA16-44F2-87DB-A747C2412A5D}.Debug|Any CPU.Build.0 = Debug|Any CPU
		{0091B579-CA16-44F2-87DB-A747C2412A5D}.Release|Any CPU.ActiveCfg = Release|Any CPU
		{0091B579-CA16-44F2-87DB-A747C2412A5D}.Release|Any CPU.Build.0 = Release|Any CPU
	EndGlobalSection
	GlobalSection(SolutionProperties) = preSolution
		HideSolutionNode = FALSE
	EndGlobalSection
	GlobalSection(ExtensibilityGlobals) = postSolution
		SolutionGuid = {80668804-D8DE-43E0-85EC-FE2CBD26EB9E}
	EndGlobalSection
EndGlobal
